
Microsoft Visual Studio Solution File, Format Version 12.00
# Visual Studio Version 17
VisualStudioVersion = 17.5.002.0
MinimumVisualStudioVersion = 10.0.40219.1
Project("{2150E333-8FDC-42A3-9474-1A3956D46DE8}") = "docs", "docs", "{A617486C-BBE6-4A74-9B0A-B48F307E24FE}"
EndProject
Project("{2150E333-8FDC-42A3-9474-1A3956D46DE8}") = "internal", "internal", "{8FDB0461-E2AB-436E-849F-53E66EB55535}"
EndProject
Project("{2150E333-8FDC-42A3-9474-1A3956D46DE8}") = "concurrency", "concurrency", "{E041A57E-3282-491B-8225-5ECDA696BA00}"
EndProject
Project("{9A19103F-16F7-4668-BE54-9A1E7A4F7556}") = "verona-csharp", "docs\internal\concurrency\modelimpl\verona-csharp.csproj", "{640D9117-3227-41D5-975A-BA924EDFBFA2}"
EndProject
Global
	GlobalSection(SolutionConfigurationPlatforms) = preSolution
		Debug|Any CPU = Debug|Any CPU
		Release|Any CPU = Release|Any CPU
	EndGlobalSection
	GlobalSection(ProjectConfigurationPlatforms) = postSolution
		{640D9117-3227-41D5-975A-BA924EDFBFA2}.Debug|Any CPU.ActiveCfg = Debug|Any CPU
		{640D9117-3227-41D5-975A-BA924EDFBFA2}.Debug|Any CPU.Build.0 = Debug|Any CPU
		{640D9117-3227-41D5-975A-BA924EDFBFA2}.Release|Any CPU.ActiveCfg = Release|Any CPU
		{640D9117-3227-41D5-975A-BA924EDFBFA2}.Release|Any CPU.Build.0 = Release|Any CPU
	EndGlobalSection
	GlobalSection(SolutionProperties) = preSolution
		HideSolutionNode = FALSE
	EndGlobalSection
	GlobalSection(NestedProjects) = preSolution
		{8FDB0461-E2AB-436E-849F-53E66EB55535} = {A617486C-BBE6-4A74-9B0A-B48F307E24FE}
		{E041A57E-3282-491B-8225-5ECDA696BA00} = {8FDB0461-E2AB-436E-849F-53E66EB55535}
		{640D9117-3227-41D5-975A-BA924EDFBFA2} = {E041A57E-3282-491B-8225-5ECDA696BA00}
	EndGlobalSection
	GlobalSection(ExtensibilityGlobals) = postSolution
		SolutionGuid = {6BAE3932-5C6B-49A8-AAFA-EF46AF792769}
	EndGlobalSection
EndGlobal
